
Microsoft Visual Studio Solution File, Format Version 12.00
# Visual Studio 2015
Project("{FAE04EC0-301F-11D3-BF4B-00C04F79EFBC}") = "Test", "Test.csproj", "{79442293-7E96-307B-F9DE-2D63F40DDE1B}"
EndProject
Project("{FAE04EC0-301F-11D3-BF4B-00C04F79EFBC}") = "Test.Editor", "Test.Editor.csproj", "{4321CCB0-2C17-BCF8-7A90-4E57C8FCD09F}"
EndProject
Global
	GlobalSection(SolutionConfigurationPlatforms) = preSolution
		Debug|Any CPU = Debug|Any CPU
		Release|Any CPU = Release|Any CPU
	EndGlobalSection
	GlobalSection(ProjectConfigurationPlatforms) = postSolution
		{79442293-7E96-307B-F9DE-2D63F40DDE1B}.Debug|Any CPU.ActiveCfg = Debug|Any CPU
		{79442293-7E96-307B-F9DE-2D63F40DDE1B}.Debug|Any CPU.Build.0 = Debug|Any CPU
		{79442293-7E96-307B-F9DE-2D63F40DDE1B}.Release|Any CPU.ActiveCfg = Release|Any CPU
		{79442293-7E96-307B-F9DE-2D63F40DDE1B}.Release|Any CPU.Build.0 = Release|Any CPU
		{4321CCB0-2C17-BCF8-7A90-4E57C8FCD09F}.Debug|Any CPU.ActiveCfg = Debug|Any CPU
		{4321CCB0-2C17-BCF8-7A90-4E57C8FCD09F}.Debug|Any CPU.Build.0 = Debug|Any CPU
		{4321CCB0-2C17-BCF8-7A90-4E57C8FCD09F}.Release|Any CPU.ActiveCfg = Release|Any CPU
		{4321CCB0-2C17-BCF8-7A90-4E57C8FCD09F}.Release|Any CPU.Build.0 = Release|Any CPU
	EndGlobalSection
	GlobalSection(SolutionProperties) = preSolution
		HideSolutionNode = FALSE
	EndGlobalSection
EndGlobal
